
Microsoft Visual Studio Solution File, Format Version 12.00
# Visual Studio Version 17
VisualStudioVersion = 17.4.33213.308
MinimumVisualStudioVersion = 10.0.40219.1
Project("{FAE04EC0-301F-11D3-BF4B-00C04F79EFBC}") = "Lap 5", "Lap 5\Lap 5.csproj", "{62CD23A9-7E20-4D04-B0E8-E4D9945E98D0}"
EndProject
Global
	GlobalSection(SolutionConfigurationPlatforms) = preSolution
		Debug|Any CPU = Debug|Any CPU
		Release|Any CPU = Release|Any CPU
	EndGlobalSection
	GlobalSection(ProjectConfigurationPlatforms) = postSolution
		{62CD23A9-7E20-4D04-B0E8-E4D9945E98D0}.Debug|Any CPU.ActiveCfg = Debug|Any CPU
		{62CD23A9-7E20-4D04-B0E8-E4D9945E98D0}.Debug|Any CPU.Build.0 = Debug|Any CPU
		{62CD23A9-7E20-4D04-B0E8-E4D9945E98D0}.Release|Any CPU.ActiveCfg = Release|Any CPU
		{62CD23A9-7E20-4D04-B0E8-E4D9945E98D0}.Release|Any CPU.Build.0 = Release|Any CPU
	EndGlobalSection
	GlobalSection(SolutionProperties) = preSolution
		HideSolutionNode = FALSE
	EndGlobalSection
	GlobalSection(ExtensibilityGlobals) = postSolution
		SolutionGuid = {CF68DDB9-7580-4E59-8B34-3EEE102C633F}
	EndGlobalSection
EndGlobal
